{
    "_readme": [
        "This file locks the dependencies of your project to a known state",
        "Read more about it at http://getcomposer.org/doc/01-basic-usage.md#composer-lock-the-lock-file",
        "This file is @generated automatically"
    ],
    "hash": "0d041cf0e29a79ae69524688f31f7457",
    "packages": [
        {
            "name": "mindweb/forwarder",
            "version": "dev-master",
            "source": {
                "type": "git",
                "url": "https://github.com/mindwebpl/forwarder.git",
                "reference": "328208ae35c95817e8c3b76096a554ba66327f7a"
            },
            "dist": {
                "type": "zip",
                "url": "https://api.github.com/repos/mindwebpl/forwarder/zipball/328208ae35c95817e8c3b76096a554ba66327f7a",
                "reference": "328208ae35c95817e8c3b76096a554ba66327f7a",
                "shasum": ""
            },
            "type": "library",
            "autoload": {
                "psr-0": {
                    "Mindweb\\Forwarder\\": "src"
                }
            },
            "notification-url": "https://packagist.org/downloads/",
            "license": [
                "MIT"
            ],
            "authors": [
                {
                    "name": "Marcin Czołnowski",
                    "email": "marcin@czolnowski.net"
                }
            ],
            "time": "2015-04-19 16:17:51"
        },
        {
            "name": "mindweb/modifier",
            "version": "dev-master",
            "source": {
                "type": "git",
                "url": "https://github.com/mindwebpl/modifier.git",
                "reference": "1c2f21dcedb35b06222c5015a4860d39f55b3b07"
            },
            "dist": {
                "type": "zip",
                "url": "https://api.github.com/repos/mindwebpl/modifier/zipball/1c2f21dcedb35b06222c5015a4860d39f55b3b07",
                "reference": "1c2f21dcedb35b06222c5015a4860d39f55b3b07",
                "shasum": ""
            },
            "type": "library",
            "autoload": {
                "psr-0": {
                    "Mindweb\\Modifier\\": "src"
                }
            },
            "notification-url": "https://packagist.org/downloads/",
            "license": [
                "MIT"
            ],
            "authors": [
                {
                    "name": "Marcin Czołnowski",
                    "email": "marcin@czolnowski.net"
                }
            ],
            "time": "2015-04-19 16:09:45"
        }
    ],
    "packages-dev": [],
    "aliases": [],
    "minimum-stability": "stable",
    "stability-flags": {
        "mindweb/modifier": 20,
        "mindweb/forwarder": 20
    },
    "prefer-stable": false,
    "prefer-lowest": false,
    "platform": [],
    "platform-dev": []
}
